
Microsoft Visual Studio Solution File, Format Version 12.00
# Visual Studio Version 17
VisualStudioVersion = 17.11.35327.3
MinimumVisualStudioVersion = 10.0.40219.1
Project("{FAE04EC0-301F-11D3-BF4B-00C04F79EFBC}") = "OrganizarNumeros", "OrganizarNumeros\OrganizarNumeros.csproj", "{8BF0A726-369B-4267-8A42-0D8692F9EBB0}"
EndProject
Global
	GlobalSection(SolutionConfigurationPlatforms) = preSolution
		Debug|Any CPU = Debug|Any CPU
		Release|Any CPU = Release|Any CPU
	EndGlobalSection
	GlobalSection(ProjectConfigurationPlatforms) = postSolution
		{8BF0A726-369B-4267-8A42-0D8692F9EBB0}.Debug|Any CPU.ActiveCfg = Debug|Any CPU
		{8BF0A726-369B-4267-8A42-0D8692F9EBB0}.Debug|Any CPU.Build.0 = Debug|Any CPU
		{8BF0A726-369B-4267-8A42-0D8692F9EBB0}.Release|Any CPU.ActiveCfg = Release|Any CPU
		{8BF0A726-369B-4267-8A42-0D8692F9EBB0}.Release|Any CPU.Build.0 = Release|Any CPU
	EndGlobalSection
	GlobalSection(SolutionProperties) = preSolution
		HideSolutionNode = FALSE
	EndGlobalSection
	GlobalSection(ExtensibilityGlobals) = postSolution
		SolutionGuid = {AE2D0A57-7614-4D22-988C-19D649350765}
	EndGlobalSection
EndGlobal
